
Microsoft Visual Studio Solution File, Format Version 12.00
# Visual Studio Version 17
VisualStudioVersion = 17.0.31903.59
MinimumVisualStudioVersion = 10.0.40219.1
Project("{FAE04EC0-301F-11D3-BF4B-00C04F79EFBC}") = "EZPug.Sdk", "EZPug.Sdk\EZPug.Sdk.csproj", "{029D38F5-016C-4E77-9BE3-938F870D08D2}"
EndProject
Project("{FAE04EC0-301F-11D3-BF4B-00C04F79EFBC}") = "EZPug.Sdk.Tests", "EZPug.Sdk.Tests\EZPug.Sdk.Tests.csproj", "{6A04E133-6B73-41A7-8A78-014D8748F616}"
EndProject
Project("{FAE04EC0-301F-11D3-BF4B-00C04F79EFBC}") = "EZPug.Sdk.Testing", "EZPug.Sdk.Testing\EZPug.Sdk.Testing.csproj", "{7BA3114C-7ECA-4738-AF7C-0783423B470B}"
EndProject
Project("{FAE04EC0-301F-11D3-BF4B-00C04F79EFBC}") = "EZPug.Core", "EZPug.Core\EZPug.Core.csproj", "{AD7D02CA-4021-49EB-94B0-DDBFBEDB9E45}"
EndProject
Project("{FAE04EC0-301F-11D3-BF4B-00C04F79EFBC}") = "EZPug.Core.Tests", "EZPug.Core.Tests\EZPug.Core.Tests.csproj", "{E92AEA33-18B4-4371-A755-AE8B8D225A83}"
EndProject
Project("{FAE04EC0-301F-11D3-BF4B-00C04F79EFBC}") = "EZPug.PowerupDm", "EZPug.PowerupDm\EZPug.PowerupDm.csproj", "{5C465254-2656-4875-8F10-4BDE9C415BAD}"
EndProject
Project("{FAE04EC0-301F-11D3-BF4B-00C04F79EFBC}") = "EZPug.PowerupDm.Tests", "EZPug.PowerupDm.Tests\EZPug.PowerupDm.Tests.csproj", "{A8F96AB9-EF46-4425-BB01-2FFE35497634}"
EndProject
Global
	GlobalSection(SolutionConfigurationPlatforms) = preSolution
		Debug|Any CPU = Debug|Any CPU
		Debug|x64 = Debug|x64
		Debug|x86 = Debug|x86
		Release|Any CPU = Release|Any CPU
		Release|x64 = Release|x64
		Release|x86 = Release|x86
	EndGlobalSection
	GlobalSection(ProjectConfigurationPlatforms) = postSolution
		{029D38F5-016C-4E77-9BE3-938F870D08D2}.Debug|Any CPU.ActiveCfg = Debug|Any CPU
		{029D38F5-016C-4E77-9BE3-938F870D08D2}.Debug|Any CPU.Build.0 = Debug|Any CPU
		{029D38F5-016C-4E77-9BE3-938F870D08D2}.Debug|x64.ActiveCfg = Debug|Any CPU
		{029D38F5-016C-4E77-9BE3-938F870D08D2}.Debug|x64.Build.0 = Debug|Any CPU
		{029D38F5-016C-4E77-9BE3-938F870D08D2}.Debug|x86.ActiveCfg = Debug|Any CPU
		{029D38F5-016C-4E77-9BE3-938F870D08D2}.Debug|x86.Build.0 = Debug|Any CPU
		{029D38F5-016C-4E77-9BE3-938F870D08D2}.Release|Any CPU.ActiveCfg = Release|Any CPU
		{029D38F5-016C-4E77-9BE3-938F870D08D2}.Release|Any CPU.Build.0 = Release|Any CPU
		{029D38F5-016C-4E77-9BE3-938F870D08D2}.Release|x64.ActiveCfg = Release|Any CPU
		{029D38F5-016C-4E77-9BE3-938F870D08D2}.Release|x64.Build.0 = Release|Any CPU
		{029D38F5-016C-4E77-9BE3-938F870D08D2}.Release|x86.ActiveCfg = Release|Any CPU
		{029D38F5-016C-4E77-9BE3-938F870D08D2}.Release|x86.Build.0 = Release|Any CPU
		{6A04E133-6B73-41A7-8A78-014D8748F616}.Debug|Any CPU.ActiveCfg = Debug|Any CPU
		{6A04E133-6B73-41A7-8A78-014D8748F616}.Debug|Any CPU.Build.0 = Debug|Any CPU
		{6A04E133-6B73-41A7-8A78-014D8748F616}.Debug|x64.ActiveCfg = Debug|Any CPU
		{6A04E133-6B73-41A7-8A78-014D8748F616}.Debug|x64.Build.0 = Debug|Any CPU
		{6A04E133-6B73-41A7-8A78-014D8748F616}.Debug|x86.ActiveCfg = Debug|Any CPU
		{6A04E133-6B73-41A7-8A78-014D8748F616}.Debug|x86.Build.0 = Debug|Any CPU
		{6A04E133-6B73-41A7-8A78-014D8748F616}.Release|Any CPU.ActiveCfg = Release|Any CPU
		{6A04E133-6B73-41A7-8A78-014D8748F616}.Release|Any CPU.Build.0 = Release|Any CPU
		{6A04E133-6B73-41A7-8A78-014D8748F616}.Release|x64.ActiveCfg = Release|Any CPU
		{6A04E133-6B73-41A7-8A78-014D8748F616}.Release|x64.Build.0 = Release|Any CPU
		{6A04E133-6B73-41A7-8A78-014D8748F616}.Release|x86.ActiveCfg = Release|Any CPU
		{6A04E133-6B73-41A7-8A78-014D8748F616}.Release|x86.Build.0 = Release|Any CPU
		{7BA3114C-7ECA-4738-AF7C-0783423B470B}.Debug|Any CPU.ActiveCfg = Debug|Any CPU
		{7BA3114C-7ECA-4738-AF7C-0783423B470B}.Debug|Any CPU.Build.0 = Debug|Any CPU
		{7BA3114C-7ECA-4738-AF7C-0783423B470B}.Debug|x64.ActiveCfg = Debug|Any CPU
		{7BA3114C-7ECA-4738-AF7C-0783423B470B}.Debug|x64.Build.0 = Debug|Any CPU
		{7BA3114C-7ECA-4738-AF7C-0783423B470B}.Debug|x86.ActiveCfg = Debug|Any CPU
		{7BA3114C-7ECA-4738-AF7C-0783423B470B}.Debug|x86.Build.0 = Debug|Any CPU
		{7BA3114C-7ECA-4738-AF7C-0783423B470B}.Release|Any CPU.ActiveCfg = Release|Any CPU
		{7BA3114C-7ECA-4738-AF7C-0783423B470B}.Release|Any CPU.Build.0 = Release|Any CPU
		{7BA3114C-7ECA-4738-AF7C-0783423B470B}.Release|x64.ActiveCfg = Release|Any CPU
		{7BA3114C-7ECA-4738-AF7C-0783423B470B}.Release|x64.Build.0 = Release|Any CPU
		{7BA3114C-7ECA-4738-AF7C-0783423B470B}.Release|x86.ActiveCfg = Release|Any CPU
		{7BA3114C-7ECA-4738-AF7C-0783423B470B}.Release|x86.Build.0 = Release|Any CPU
		{AD7D02CA-4021-49EB-94B0-DDBFBEDB9E45}.Debug|Any CPU.ActiveCfg = Debug|Any CPU
		{AD7D02CA-4021-49EB-94B0-DDBFBEDB9E45}.Debug|Any CPU.Build.0 = Debug|Any CPU
		{AD7D02CA-4021-49EB-94B0-DDBFBEDB9E45}.Debug|x64.ActiveCfg = Debug|Any CPU
		{AD7D02CA-4021-49EB-94B0-DDBFBEDB9E45}.Debug|x64.Build.0 = Debug|Any CPU
		{AD7D02CA-4021-49EB-94B0-DDBFBEDB9E45}.Debug|x86.ActiveCfg = Debug|Any CPU
		{AD7D02CA-4021-49EB-94B0-DDBFBEDB9E45}.Debug|x86.Build.0 = Debug|Any CPU
		{AD7D02CA-4021-49EB-94B0-DDBFBEDB9E45}.Release|Any CPU.ActiveCfg = Release|Any CPU
		{AD7D02CA-4021-49EB-94B0-DDBFBEDB9E45}.Release|Any CPU.Build.0 = Release|Any CPU
		{AD7D02CA-4021-49EB-94B0-DDBFBEDB9E45}.Release|x64.ActiveCfg = Release|Any CPU
		{AD7D02CA-4021-49EB-94B0-DDBFBEDB9E45}.Release|x64.Build.0 = Release|Any CPU
		{AD7D02CA-4021-49EB-94B0-DDBFBEDB9E45}.Release|x86.ActiveCfg = Release|Any CPU
		{AD7D02CA-4021-49EB-94B0-DDBFBEDB9E45}.Release|x86.Build.0 = Release|Any CPU
		{E92AEA33-18B4-4371-A755-AE8B8D225A83}.Debug|Any CPU.ActiveCfg = Debug|Any CPU
		{E92AEA33-18B4-4371-A755-AE8B8D225A83}.Debug|Any CPU.Build.0 = Debug|Any CPU
		{E92AEA33-18B4-4371-A755-AE8B8D225A83}.Debug|x64.ActiveCfg = Debug|Any CPU
		{E92AEA33-18B4-4371-A755-AE8B8D225A83}.Debug|x64.Build.0 = Debug|Any CPU
		{E92AEA33-18B4-4371-A755-AE8B8D225A83}.Debug|x86.ActiveCfg = Debug|Any CPU
		{E92AEA33-18B4-4371-A755-AE8B8D225A83}.Debug|x86.Build.0 = Debug|Any CPU
		{E92AEA33-18B4-4371-A755-AE8B8D225A83}.Release|Any CPU.ActiveCfg = Release|Any CPU
		{E92AEA33-18B4-4371-A755-AE8B8D225A83}.Release|Any CPU.Build.0 = Release|Any CPU
		{E92AEA33-18B4-4371-A755-AE8B8D225A83}.Release|x64.ActiveCfg = Release|Any CPU
		{E92AEA33-18B4-4371-A755-AE8B8D225A83}.Release|x64.Build.0 = Release|Any CPU
		{E92AEA33-18B4-4371-A755-AE8B8D225A83}.Release|x86.ActiveCfg = Release|Any CPU
		{E92AEA33-18B4-4371-A755-AE8B8D225A83}.Release|x86.Build.0 = Release|Any CPU
		{5C465254-2656-4875-8F10-4BDE9C415BAD}.Debug|Any CPU.ActiveCfg = Debug|Any CPU
		{5C465254-2656-4875-8F10-4BDE9C415BAD}.Debug|Any CPU.Build.0 = Debug|Any CPU
		{5C465254-2656-4875-8F10-4BDE9C415BAD}.Debug|x64.ActiveCfg = Debug|Any CPU
		{5C465254-2656-4875-8F10-4BDE9C415BAD}.Debug|x64.Build.0 = Debug|Any CPU
		{5C465254-2656-4875-8F10-4BDE9C415BAD}.Debug|x86.ActiveCfg = Debug|Any CPU
		{5C465254-2656-4875-8F10-4BDE9C415BAD}.Debug|x86.Build.0 = Debug|Any CPU
		{5C465254-2656-4875-8F10-4BDE9C415BAD}.Release|Any CPU.ActiveCfg = Release|Any CPU
		{5C465254-2656-4875-8F10-4BDE9C415BAD}.Release|Any CPU.Build.0 = Release|Any CPU
		{5C465254-2656-4875-8F10-4BDE9C415BAD}.Release|x64.ActiveCfg = Release|Any CPU
		{5C465254-2656-4875-8F10-4BDE9C415BAD}.Release|x64.Build.0 = Release|Any CPU
		{5C465254-2656-4875-8F10-4BDE9C415BAD}.Release|x86.ActiveCfg = Release|Any CPU
		{5C465254-2656-4875-8F10-4BDE9C415BAD}.Release|x86.Build.0 = Release|Any CPU
		{A8F96AB9-EF46-4425-BB01-2FFE35497634}.Debug|Any CPU.ActiveCfg = Debug|Any CPU
		{A8F96AB9-EF46-4425-BB01-2FFE35497634}.Debug|Any CPU.Build.0 = Debug|Any CPU
		{A8F96AB9-EF46-4425-BB01-2FFE35497634}.Debug|x64.ActiveCfg = Debug|Any CPU
		{A8F96AB9-EF46-4425-BB01-2FFE35497634}.Debug|x64.Build.0 = Debug|Any CPU
		{A8F96AB9-EF46-4425-BB01-2FFE35497634}.Debug|x86.ActiveCfg = Debug|Any CPU
		{A8F96AB9-EF46-4425-BB01-2FFE35497634}.Debug|x86.Build.0 = Debug|Any CPU
		{A8F96AB9-EF46-4425-BB01-2FFE35497634}.Release|Any CPU.ActiveCfg = Release|Any CPU
		{A8F96AB9-EF46-4425-BB01-2FFE35497634}.Release|Any CPU.Build.0 = Release|Any CPU
		{A8F96AB9-EF46-4425-BB01-2FFE35497634}.Release|x64.ActiveCfg = Release|Any CPU
		{A8F96AB9-EF46-4425-BB01-2FFE35497634}.Release|x64.Build.0 = Release|Any CPU
		{A8F96AB9-EF46-4425-BB01-2FFE35497634}.Release|x86.ActiveCfg = Release|Any CPU
		{A8F96AB9-EF46-4425-BB01-2FFE35497634}.Release|x86.Build.0 = Release|Any CPU
	EndGlobalSection
	GlobalSection(SolutionProperties) = preSolution
		HideSolutionNode = FALSE
	EndGlobalSection
EndGlobal
